
Microsoft Visual Studio Solution File, Format Version 12.00
# Visual Studio Version 17
VisualStudioVersion = 17.0.31912.275
MinimumVisualStudioVersion = 10.0.40219.1
Project("{FAE04EC0-301F-11D3-BF4B-00C04F79EFBC}") = "ZasobyStyle3a", "ZasobyStyle3a\ZasobyStyle3a.csproj", "{61EC3E7D-6E4D-4881-8B72-3B068A86561B}"
EndProject
Global
	GlobalSection(SolutionConfigurationPlatforms) = preSolution
		Debug|Any CPU = Debug|Any CPU
		Release|Any CPU = Release|Any CPU
	EndGlobalSection
	GlobalSection(ProjectConfigurationPlatforms) = postSolution
		{61EC3E7D-6E4D-4881-8B72-3B068A86561B}.Debug|Any CPU.ActiveCfg = Debug|Any CPU
		{61EC3E7D-6E4D-4881-8B72-3B068A86561B}.Debug|Any CPU.Build.0 = Debug|Any CPU
		{61EC3E7D-6E4D-4881-8B72-3B068A86561B}.Release|Any CPU.ActiveCfg = Release|Any CPU
		{61EC3E7D-6E4D-4881-8B72-3B068A86561B}.Release|Any CPU.Build.0 = Release|Any CPU
	EndGlobalSection
	GlobalSection(SolutionProperties) = preSolution
		HideSolutionNode = FALSE
	EndGlobalSection
	GlobalSection(ExtensibilityGlobals) = postSolution
		SolutionGuid = {0516D220-70F2-4A59-A843-1F641FF1D41F}
	EndGlobalSection
EndGlobal
